
Microsoft Visual Studio Solution File, Format Version 12.00
# Visual Studio Version 17
VisualStudioVersion = 17.6.33815.320
MinimumVisualStudioVersion = 10.0.40219.1
Project("{9A19103F-16F7-4668-BE54-9A1E7A4F7556}") = "AfriNetApi", "AfriNetApi\AfriNetApi.csproj", "{04C2A02B-4FB8-4A95-AF1C-A15A179F59C7}"
EndProject
Project("{9A19103F-16F7-4668-BE54-9A1E7A4F7556}") = "AfriNetConsoleTest", "AfriNetConsoleTest\AfriNetConsoleTest.csproj", "{FD460A33-7D61-46BC-BE97-C5D277270D2C}"
EndProject
Project("{FAE04EC0-301F-11D3-BF4B-00C04F79EFBC}") = "AfriNetRouterLib", "AfriNetRouterLib\AfriNetRouterLib.csproj", "{EAD132CA-C453-41EC-A3A2-232AD51E792A}"
EndProject
Global
	GlobalSection(SolutionConfigurationPlatforms) = preSolution
		Debug|Any CPU = Debug|Any CPU
		Release|Any CPU = Release|Any CPU
	EndGlobalSection
	GlobalSection(ProjectConfigurationPlatforms) = postSolution
		{04C2A02B-4FB8-4A95-AF1C-A15A179F59C7}.Debug|Any CPU.ActiveCfg = Debug|Any CPU
		{04C2A02B-4FB8-4A95-AF1C-A15A179F59C7}.Debug|Any CPU.Build.0 = Debug|Any CPU
		{04C2A02B-4FB8-4A95-AF1C-A15A179F59C7}.Release|Any CPU.ActiveCfg = Release|Any CPU
		{04C2A02B-4FB8-4A95-AF1C-A15A179F59C7}.Release|Any CPU.Build.0 = Release|Any CPU
		{FD460A33-7D61-46BC-BE97-C5D277270D2C}.Debug|Any CPU.ActiveCfg = Debug|Any CPU
		{FD460A33-7D61-46BC-BE97-C5D277270D2C}.Debug|Any CPU.Build.0 = Debug|Any CPU
		{FD460A33-7D61-46BC-BE97-C5D277270D2C}.Release|Any CPU.ActiveCfg = Release|Any CPU
		{FD460A33-7D61-46BC-BE97-C5D277270D2C}.Release|Any CPU.Build.0 = Release|Any CPU
		{EAD132CA-C453-41EC-A3A2-232AD51E792A}.Debug|Any CPU.ActiveCfg = Debug|Any CPU
		{EAD132CA-C453-41EC-A3A2-232AD51E792A}.Debug|Any CPU.Build.0 = Debug|Any CPU
		{EAD132CA-C453-41EC-A3A2-232AD51E792A}.Release|Any CPU.ActiveCfg = Release|Any CPU
		{EAD132CA-C453-41EC-A3A2-232AD51E792A}.Release|Any CPU.Build.0 = Release|Any CPU
	EndGlobalSection
	GlobalSection(SolutionProperties) = preSolution
		HideSolutionNode = FALSE
	EndGlobalSection
	GlobalSection(ExtensibilityGlobals) = postSolution
		SolutionGuid = {F11C9A8C-2103-4C3B-B1C4-5A5AD2FB6C3C}
	EndGlobalSection
EndGlobal
